
Microsoft Visual Studio Solution File, Format Version 12.00
# Visual Studio 15
VisualStudioVersion = 15.0.28307.168
MinimumVisualStudioVersion = 10.0.40219.1
Project("{2150E333-8FDC-42A3-9474-1A3956D46DE8}") = "Day 1", "Day 1", "{8CC641B8-2F76-4545-8BB0-A95998C0742C}"
EndProject
Project("{8BC9CEB8-8B4A-11D0-8D11-00A0C91BC942}") = "devices", "VSProjects\devices\devices.vcxproj", "{AD39A63F-4114-48F9-8915-2A7033D8B100}"
EndProject
Project("{8BC9CEB8-8B4A-11D0-8D11-00A0C91BC942}") = "rot13", "VSProjects\rot13\rot13.vcxproj", "{042BD505-4DCB-4B42-BE20-C5710CCE1328}"
EndProject
Project("{8BC9CEB8-8B4A-11D0-8D11-00A0C91BC942}") = "rot13-profile-simple", "VSProjects\rot13-profile-simple\rot13-profile-simple.vcxproj", "{D4FAA52C-C38A-42BB-BAED-592B27CC272D}"
EndProject
Project("{8BC9CEB8-8B4A-11D0-8D11-00A0C91BC942}") = "fibfact", "VSProjects\fibfact\fibfact.vcxproj", "{80338B39-82DB-493E-8563-9EAEF3112E61}"
EndProject
Project("{2150E333-8FDC-42A3-9474-1A3956D46DE8}") = "Day 2", "Day 2", "{83810A70-873C-4D3A-A6DB-E5735125397A}"
EndProject
Project("{2150E333-8FDC-42A3-9474-1A3956D46DE8}") = "Day 3", "Day 3", "{4A580F36-0B16-4194-847A-708CACE177D4}"
EndProject
Project("{2150E333-8FDC-42A3-9474-1A3956D46DE8}") = "Day 4", "Day 4", "{F48C480F-DA80-4299-AE94-A7EED13516A9}"
EndProject
Project("{2150E333-8FDC-42A3-9474-1A3956D46DE8}") = "Day 5", "Day 5", "{B73C2CEA-389F-4EF7-B839-7BFB6A13E5CC}"
EndProject
Project("{8BC9CEB8-8B4A-11D0-8D11-00A0C91BC942}") = "clutils", "VSProjects\clutils\clutils.vcxproj", "{B7B0452A-4A95-480F-9365-8D2F2C4E9B20}"
EndProject
Project("{8BC9CEB8-8B4A-11D0-8D11-00A0C91BC942}") = "MMMult", "VSProjects\MMMult\MMMult.vcxproj", "{94885614-2D3A-4755-B828-F67EC8FDF43A}"
EndProject
Project("{2150E333-8FDC-42A3-9474-1A3956D46DE8}") = "Day1-exercises", "Day1-exercises", "{CBA64016-1806-438C-B0F0-2E65EFD12B5E}"
EndProject
Project("{8BC9CEB8-8B4A-11D0-8D11-00A0C91BC942}") = "fibfact-exercise", "VSProjects\fibfact-exercise\fibfact-exercise.vcxproj", "{CC12D4A8-179F-4346-992C-27C1DF72E76E}"
EndProject
Project("{8BC9CEB8-8B4A-11D0-8D11-00A0C91BC942}") = "life-arrays-exercise", "VSProjects\life-arrays-exercise\life-arrays-exercise.vcxproj", "{C46FB6AC-F1B0-44DD-8097-B37B5B278665}"
EndProject
Project("{8BC9CEB8-8B4A-11D0-8D11-00A0C91BC942}") = "life-images-exercise", "VSProjects\life-images-exercise\life-images-exercise.vcxproj", "{B635E39C-F69F-49E8-8DB1-5D8360C5A8D1}"
EndProject
Project("{8BC9CEB8-8B4A-11D0-8D11-00A0C91BC942}") = "rot13-profile-simple-exercise", "VSProjects\rot13-profile-simple-exercise\rot13-profile-simple-exercise.vcxproj", "{CD934E7D-BFD3-46C6-AE12-09195D4DB35B}"
EndProject
Project("{8BC9CEB8-8B4A-11D0-8D11-00A0C91BC942}") = "rot13-profile-events-exercise", "VSProjects\rot13-profile-events-exercise\rot13-profile-events-exercise.vcxproj", "{335541BC-02DF-450D-9B5E-5AE067D95647}"
EndProject
Project("{8BC9CEB8-8B4A-11D0-8D11-00A0C91BC942}") = "rot13-profile-events", "VSProjects\rot13-profile-events\rot13-profile-events.vcxproj", "{AE7B2EFE-9AAD-424A-9326-C1273F2CFD28}"
EndProject
Project("{8BC9CEB8-8B4A-11D0-8D11-00A0C91BC942}") = "coalescing", "VSProjects\coalescing\coalescing.vcxproj", "{0AE00097-7FFA-4F9C-AE2E-52801FC38CF7}"
EndProject
Project("{8BC9CEB8-8B4A-11D0-8D11-00A0C91BC942}") = "life-arrays", "VSProjects\life-arrays\life-arrays.vcxproj", "{72F75C6B-F34D-41B7-AD30-9E70C9F68864}"
EndProject
Project("{8BC9CEB8-8B4A-11D0-8D11-00A0C91BC942}") = "life-images", "VSProjects\life-images\life-images.vcxproj", "{D2245003-4BDD-4717-8AFD-9E70A0F69CB3}"
EndProject
Project("{2150E333-8FDC-42A3-9474-1A3956D46DE8}") = "Day2-exercises", "Day2-exercises", "{87039F8E-F06B-45FE-9297-6C0FBDEC57CE}"
EndProject
Project("{8BC9CEB8-8B4A-11D0-8D11-00A0C91BC942}") = "Transp-ex", "VSProjects\Transp-ex\Transp-ex.vcxproj", "{1C8F761F-EDFB-497C-9DEE-928E191690A2}"
EndProject
Project("{8BC9CEB8-8B4A-11D0-8D11-00A0C91BC942}") = "MMMult-ex", "VSProjects\MMMult-ex\MMMult-ex.vcxproj", "{4040120C-F55D-4AD9-854B-028FAF7F2749}"
EndProject
Project("{8BC9CEB8-8B4A-11D0-8D11-00A0C91BC942}") = "MSSP", "VSProjects\MSSP\MSSP.vcxproj", "{80FFDBFC-2B94-40BE-B0AA-5FB42A44B990}"
EndProject
Project("{8BC9CEB8-8B4A-11D0-8D11-00A0C91BC942}") = "Reductions", "VSProjects\Reductions\Reductions.vcxproj", "{B49686EA-06EB-496A-8A93-5D42CE352A27}"
EndProject
Project("{8BC9CEB8-8B4A-11D0-8D11-00A0C91BC942}") = "MMMult1", "VSProjects\MMMult1\MMMult1.vcxproj", "{F14B53FA-A4F6-4810-A968-8B8F924EE50B}"
EndProject
Project("{8BC9CEB8-8B4A-11D0-8D11-00A0C91BC942}") = "Transp", "VSProjects\Transp\Transp.vcxproj", "{5EF815F8-ED84-4589-AD39-CC474E6F5FC1}"
EndProject
Project("{8BC9CEB8-8B4A-11D0-8D11-00A0C91BC942}") = "MSSP-Ex", "VSProjects\MSSP-Ex\MSSP-Ex.vcxproj", "{86A4CB6E-9B84-4C1E-A9C3-786032EDD8BA}"
EndProject
Project("{2150E333-8FDC-42A3-9474-1A3956D46DE8}") = "Day3-exercises", "Day3-exercises", "{226A4A5D-EFF3-4C03-94D8-A336910C576B}"
EndProject
Global
	GlobalSection(SolutionConfigurationPlatforms) = preSolution
		Debug|x64 = Debug|x64
		Debug|x86 = Debug|x86
		Release|x64 = Release|x64
		Release|x86 = Release|x86
	EndGlobalSection
	GlobalSection(ProjectConfigurationPlatforms) = postSolution
		{AD39A63F-4114-48F9-8915-2A7033D8B100}.Debug|x64.ActiveCfg = Debug|x64
		{AD39A63F-4114-48F9-8915-2A7033D8B100}.Debug|x64.Build.0 = Debug|x64
		{AD39A63F-4114-48F9-8915-2A7033D8B100}.Debug|x86.ActiveCfg = Debug|Win32
		{AD39A63F-4114-48F9-8915-2A7033D8B100}.Debug|x86.Build.0 = Debug|Win32
		{AD39A63F-4114-48F9-8915-2A7033D8B100}.Release|x64.ActiveCfg = Debug|x64
		{AD39A63F-4114-48F9-8915-2A7033D8B100}.Release|x64.Build.0 = Debug|x64
		{AD39A63F-4114-48F9-8915-2A7033D8B100}.Release|x86.ActiveCfg = Release|Win32
		{AD39A63F-4114-48F9-8915-2A7033D8B100}.Release|x86.Build.0 = Release|Win32
		{042BD505-4DCB-4B42-BE20-C5710CCE1328}.Debug|x64.ActiveCfg = Debug|x64
		{042BD505-4DCB-4B42-BE20-C5710CCE1328}.Debug|x64.Build.0 = Debug|x64
		{042BD505-4DCB-4B42-BE20-C5710CCE1328}.Debug|x86.ActiveCfg = Debug|Win32
		{042BD505-4DCB-4B42-BE20-C5710CCE1328}.Debug|x86.Build.0 = Debug|Win32
		{042BD505-4DCB-4B42-BE20-C5710CCE1328}.Release|x64.ActiveCfg = Debug|x64
		{042BD505-4DCB-4B42-BE20-C5710CCE1328}.Release|x64.Build.0 = Debug|x64
		{042BD505-4DCB-4B42-BE20-C5710CCE1328}.Release|x86.ActiveCfg = Release|Win32
		{042BD505-4DCB-4B42-BE20-C5710CCE1328}.Release|x86.Build.0 = Release|Win32
		{D4FAA52C-C38A-42BB-BAED-592B27CC272D}.Debug|x64.ActiveCfg = Debug|x64
		{D4FAA52C-C38A-42BB-BAED-592B27CC272D}.Debug|x64.Build.0 = Debug|x64
		{D4FAA52C-C38A-42BB-BAED-592B27CC272D}.Debug|x86.ActiveCfg = Debug|Win32
		{D4FAA52C-C38A-42BB-BAED-592B27CC272D}.Debug|x86.Build.0 = Debug|Win32
		{D4FAA52C-C38A-42BB-BAED-592B27CC272D}.Release|x64.ActiveCfg = Release|x64
		{D4FAA52C-C38A-42BB-BAED-592B27CC272D}.Release|x64.Build.0 = Release|x64
		{D4FAA52C-C38A-42BB-BAED-592B27CC272D}.Release|x86.ActiveCfg = Release|Win32
		{D4FAA52C-C38A-42BB-BAED-592B27CC272D}.Release|x86.Build.0 = Release|Win32
		{80338B39-82DB-493E-8563-9EAEF3112E61}.Debug|x64.ActiveCfg = Debug|x64
		{80338B39-82DB-493E-8563-9EAEF3112E61}.Debug|x64.Build.0 = Debug|x64
		{80338B39-82DB-493E-8563-9EAEF3112E61}.Debug|x86.ActiveCfg = Debug|Win32
		{80338B39-82DB-493E-8563-9EAEF3112E61}.Debug|x86.Build.0 = Debug|Win32
		{80338B39-82DB-493E-8563-9EAEF3112E61}.Release|x64.ActiveCfg = Release|x64
		{80338B39-82DB-493E-8563-9EAEF3112E61}.Release|x64.Build.0 = Release|x64
		{80338B39-82DB-493E-8563-9EAEF3112E61}.Release|x86.ActiveCfg = Release|Win32
		{80338B39-82DB-493E-8563-9EAEF3112E61}.Release|x86.Build.0 = Release|Win32
		{B7B0452A-4A95-480F-9365-8D2F2C4E9B20}.Debug|x64.ActiveCfg = Debug|x64
		{B7B0452A-4A95-480F-9365-8D2F2C4E9B20}.Debug|x64.Build.0 = Debug|x64
		{B7B0452A-4A95-480F-9365-8D2F2C4E9B20}.Debug|x86.ActiveCfg = Debug|Win32
		{B7B0452A-4A95-480F-9365-8D2F2C4E9B20}.Debug|x86.Build.0 = Debug|Win32
		{B7B0452A-4A95-480F-9365-8D2F2C4E9B20}.Release|x64.ActiveCfg = Release|x64
		{B7B0452A-4A95-480F-9365-8D2F2C4E9B20}.Release|x64.Build.0 = Release|x64
		{B7B0452A-4A95-480F-9365-8D2F2C4E9B20}.Release|x86.ActiveCfg = Release|Win32
		{B7B0452A-4A95-480F-9365-8D2F2C4E9B20}.Release|x86.Build.0 = Release|Win32
		{94885614-2D3A-4755-B828-F67EC8FDF43A}.Debug|x64.ActiveCfg = Debug|x64
		{94885614-2D3A-4755-B828-F67EC8FDF43A}.Debug|x64.Build.0 = Debug|x64
		{94885614-2D3A-4755-B828-F67EC8FDF43A}.Debug|x86.ActiveCfg = Debug|Win32
		{94885614-2D3A-4755-B828-F67EC8FDF43A}.Debug|x86.Build.0 = Debug|Win32
		{94885614-2D3A-4755-B828-F67EC8FDF43A}.Release|x64.ActiveCfg = Release|x64
		{94885614-2D3A-4755-B828-F67EC8FDF43A}.Release|x64.Build.0 = Release|x64
		{94885614-2D3A-4755-B828-F67EC8FDF43A}.Release|x86.ActiveCfg = Release|Win32
		{94885614-2D3A-4755-B828-F67EC8FDF43A}.Release|x86.Build.0 = Release|Win32
		{CC12D4A8-179F-4346-992C-27C1DF72E76E}.Debug|x64.ActiveCfg = Debug|x64
		{CC12D4A8-179F-4346-992C-27C1DF72E76E}.Debug|x64.Build.0 = Debug|x64
		{CC12D4A8-179F-4346-992C-27C1DF72E76E}.Debug|x86.ActiveCfg = Debug|Win32
		{CC12D4A8-179F-4346-992C-27C1DF72E76E}.Debug|x86.Build.0 = Debug|Win32
		{CC12D4A8-179F-4346-992C-27C1DF72E76E}.Release|x64.ActiveCfg = Release|x64
		{CC12D4A8-179F-4346-992C-27C1DF72E76E}.Release|x64.Build.0 = Release|x64
		{CC12D4A8-179F-4346-992C-27C1DF72E76E}.Release|x86.ActiveCfg = Release|Win32
		{CC12D4A8-179F-4346-992C-27C1DF72E76E}.Release|x86.Build.0 = Release|Win32
		{C46FB6AC-F1B0-44DD-8097-B37B5B278665}.Debug|x64.ActiveCfg = Debug|x64
		{C46FB6AC-F1B0-44DD-8097-B37B5B278665}.Debug|x64.Build.0 = Debug|x64
		{C46FB6AC-F1B0-44DD-8097-B37B5B278665}.Debug|x86.ActiveCfg = Debug|Win32
		{C46FB6AC-F1B0-44DD-8097-B37B5B278665}.Debug|x86.Build.0 = Debug|Win32
		{C46FB6AC-F1B0-44DD-8097-B37B5B278665}.Release|x64.ActiveCfg = Release|x64
		{C46FB6AC-F1B0-44DD-8097-B37B5B278665}.Release|x64.Build.0 = Release|x64
		{C46FB6AC-F1B0-44DD-8097-B37B5B278665}.Release|x86.ActiveCfg = Release|Win32
		{C46FB6AC-F1B0-44DD-8097-B37B5B278665}.Release|x86.Build.0 = Release|Win32
		{B635E39C-F69F-49E8-8DB1-5D8360C5A8D1}.Debug|x64.ActiveCfg = Debug|x64
		{B635E39C-F69F-49E8-8DB1-5D8360C5A8D1}.Debug|x64.Build.0 = Debug|x64
		{B635E39C-F69F-49E8-8DB1-5D8360C5A8D1}.Debug|x86.ActiveCfg = Debug|Win32
		{B635E39C-F69F-49E8-8DB1-5D8360C5A8D1}.Debug|x86.Build.0 = Debug|Win32
		{B635E39C-F69F-49E8-8DB1-5D8360C5A8D1}.Release|x64.ActiveCfg = Release|x64
		{B635E39C-F69F-49E8-8DB1-5D8360C5A8D1}.Release|x64.Build.0 = Release|x64
		{B635E39C-F69F-49E8-8DB1-5D8360C5A8D1}.Release|x86.ActiveCfg = Release|Win32
		{B635E39C-F69F-49E8-8DB1-5D8360C5A8D1}.Release|x86.Build.0 = Release|Win32
		{CD934E7D-BFD3-46C6-AE12-09195D4DB35B}.Debug|x64.ActiveCfg = Debug|x64
		{CD934E7D-BFD3-46C6-AE12-09195D4DB35B}.Debug|x64.Build.0 = Debug|x64
		{CD934E7D-BFD3-46C6-AE12-09195D4DB35B}.Debug|x86.ActiveCfg = Debug|Win32
		{CD934E7D-BFD3-46C6-AE12-09195D4DB35B}.Debug|x86.Build.0 = Debug|Win32
		{CD934E7D-BFD3-46C6-AE12-09195D4DB35B}.Release|x64.ActiveCfg = Release|x64
		{CD934E7D-BFD3-46C6-AE12-09195D4DB35B}.Release|x64.Build.0 = Release|x64
		{CD934E7D-BFD3-46C6-AE12-09195D4DB35B}.Release|x86.ActiveCfg = Release|Win32
		{CD934E7D-BFD3-46C6-AE12-09195D4DB35B}.Release|x86.Build.0 = Release|Win32
		{335541BC-02DF-450D-9B5E-5AE067D95647}.Debug|x64.ActiveCfg = Debug|x64
		{335541BC-02DF-450D-9B5E-5AE067D95647}.Debug|x64.Build.0 = Debug|x64
		{335541BC-02DF-450D-9B5E-5AE067D95647}.Debug|x86.ActiveCfg = Debug|Win32
		{335541BC-02DF-450D-9B5E-5AE067D95647}.Debug|x86.Build.0 = Debug|Win32
		{335541BC-02DF-450D-9B5E-5AE067D95647}.Release|x64.ActiveCfg = Release|x64
		{335541BC-02DF-450D-9B5E-5AE067D95647}.Release|x64.Build.0 = Release|x64
		{335541BC-02DF-450D-9B5E-5AE067D95647}.Release|x86.ActiveCfg = Release|Win32
		{335541BC-02DF-450D-9B5E-5AE067D95647}.Release|x86.Build.0 = Release|Win32
		{AE7B2EFE-9AAD-424A-9326-C1273F2CFD28}.Debug|x64.ActiveCfg = Debug|x64
		{AE7B2EFE-9AAD-424A-9326-C1273F2CFD28}.Debug|x64.Build.0 = Debug|x64
		{AE7B2EFE-9AAD-424A-9326-C1273F2CFD28}.Debug|x86.ActiveCfg = Debug|Win32
		{AE7B2EFE-9AAD-424A-9326-C1273F2CFD28}.Debug|x86.Build.0 = Debug|Win32
		{AE7B2EFE-9AAD-424A-9326-C1273F2CFD28}.Release|x64.ActiveCfg = Release|x64
		{AE7B2EFE-9AAD-424A-9326-C1273F2CFD28}.Release|x64.Build.0 = Release|x64
		{AE7B2EFE-9AAD-424A-9326-C1273F2CFD28}.Release|x86.ActiveCfg = Release|Win32
		{AE7B2EFE-9AAD-424A-9326-C1273F2CFD28}.Release|x86.Build.0 = Release|Win32
		{0AE00097-7FFA-4F9C-AE2E-52801FC38CF7}.Debug|x64.ActiveCfg = Debug|x64
		{0AE00097-7FFA-4F9C-AE2E-52801FC38CF7}.Debug|x64.Build.0 = Debug|x64
		{0AE00097-7FFA-4F9C-AE2E-52801FC38CF7}.Debug|x86.ActiveCfg = Debug|Win32
		{0AE00097-7FFA-4F9C-AE2E-52801FC38CF7}.Debug|x86.Build.0 = Debug|Win32
		{0AE00097-7FFA-4F9C-AE2E-52801FC38CF7}.Release|x64.ActiveCfg = Release|x64
		{0AE00097-7FFA-4F9C-AE2E-52801FC38CF7}.Release|x64.Build.0 = Release|x64
		{0AE00097-7FFA-4F9C-AE2E-52801FC38CF7}.Release|x86.ActiveCfg = Release|Win32
		{0AE00097-7FFA-4F9C-AE2E-52801FC38CF7}.Release|x86.Build.0 = Release|Win32
		{72F75C6B-F34D-41B7-AD30-9E70C9F68864}.Debug|x64.ActiveCfg = Debug|x64
		{72F75C6B-F34D-41B7-AD30-9E70C9F68864}.Debug|x64.Build.0 = Debug|x64
		{72F75C6B-F34D-41B7-AD30-9E70C9F68864}.Debug|x86.ActiveCfg = Debug|Win32
		{72F75C6B-F34D-41B7-AD30-9E70C9F68864}.Debug|x86.Build.0 = Debug|Win32
		{72F75C6B-F34D-41B7-AD30-9E70C9F68864}.Release|x64.ActiveCfg = Release|x64
		{72F75C6B-F34D-41B7-AD30-9E70C9F68864}.Release|x64.Build.0 = Release|x64
		{72F75C6B-F34D-41B7-AD30-9E70C9F68864}.Release|x86.ActiveCfg = Release|Win32
		{72F75C6B-F34D-41B7-AD30-9E70C9F68864}.Release|x86.Build.0 = Release|Win32
		{D2245003-4BDD-4717-8AFD-9E70A0F69CB3}.Debug|x64.ActiveCfg = Debug|x64
		{D2245003-4BDD-4717-8AFD-9E70A0F69CB3}.Debug|x64.Build.0 = Debug|x64
		{D2245003-4BDD-4717-8AFD-9E70A0F69CB3}.Debug|x86.ActiveCfg = Debug|Win32
		{D2245003-4BDD-4717-8AFD-9E70A0F69CB3}.Debug|x86.Build.0 = Debug|Win32
		{D2245003-4BDD-4717-8AFD-9E70A0F69CB3}.Release|x64.ActiveCfg = Release|x64
		{D2245003-4BDD-4717-8AFD-9E70A0F69CB3}.Release|x64.Build.0 = Release|x64
		{D2245003-4BDD-4717-8AFD-9E70A0F69CB3}.Release|x86.ActiveCfg = Release|Win32
		{D2245003-4BDD-4717-8AFD-9E70A0F69CB3}.Release|x86.Build.0 = Release|Win32
		{1C8F761F-EDFB-497C-9DEE-928E191690A2}.Debug|x64.ActiveCfg = Debug|x64
		{1C8F761F-EDFB-497C-9DEE-928E191690A2}.Debug|x64.Build.0 = Debug|x64
		{1C8F761F-EDFB-497C-9DEE-928E191690A2}.Debug|x86.ActiveCfg = Debug|Win32
		{1C8F761F-EDFB-497C-9DEE-928E191690A2}.Debug|x86.Build.0 = Debug|Win32
		{1C8F761F-EDFB-497C-9DEE-928E191690A2}.Release|x64.ActiveCfg = Release|x64
		{1C8F761F-EDFB-497C-9DEE-928E191690A2}.Release|x64.Build.0 = Release|x64
		{1C8F761F-EDFB-497C-9DEE-928E191690A2}.Release|x86.ActiveCfg = Release|Win32
		{1C8F761F-EDFB-497C-9DEE-928E191690A2}.Release|x86.Build.0 = Release|Win32
		{4040120C-F55D-4AD9-854B-028FAF7F2749}.Debug|x64.ActiveCfg = Debug|x64
		{4040120C-F55D-4AD9-854B-028FAF7F2749}.Debug|x64.Build.0 = Debug|x64
		{4040120C-F55D-4AD9-854B-028FAF7F2749}.Debug|x86.ActiveCfg = Debug|Win32
		{4040120C-F55D-4AD9-854B-028FAF7F2749}.Debug|x86.Build.0 = Debug|Win32
		{4040120C-F55D-4AD9-854B-028FAF7F2749}.Release|x64.ActiveCfg = Release|x64
		{4040120C-F55D-4AD9-854B-028FAF7F2749}.Release|x64.Build.0 = Release|x64
		{4040120C-F55D-4AD9-854B-028FAF7F2749}.Release|x86.ActiveCfg = Release|Win32
		{4040120C-F55D-4AD9-854B-028FAF7F2749}.Release|x86.Build.0 = Release|Win32
		{80FFDBFC-2B94-40BE-B0AA-5FB42A44B990}.Debug|x64.ActiveCfg = Debug|x64
		{80FFDBFC-2B94-40BE-B0AA-5FB42A44B990}.Debug|x64.Build.0 = Debug|x64
		{80FFDBFC-2B94-40BE-B0AA-5FB42A44B990}.Debug|x86.ActiveCfg = Debug|Win32
		{80FFDBFC-2B94-40BE-B0AA-5FB42A44B990}.Debug|x86.Build.0 = Debug|Win32
		{80FFDBFC-2B94-40BE-B0AA-5FB42A44B990}.Release|x64.ActiveCfg = Release|x64
		{80FFDBFC-2B94-40BE-B0AA-5FB42A44B990}.Release|x64.Build.0 = Release|x64
		{80FFDBFC-2B94-40BE-B0AA-5FB42A44B990}.Release|x86.ActiveCfg = Release|Win32
		{80FFDBFC-2B94-40BE-B0AA-5FB42A44B990}.Release|x86.Build.0 = Release|Win32
		{B49686EA-06EB-496A-8A93-5D42CE352A27}.Debug|x64.ActiveCfg = Debug|x64
		{B49686EA-06EB-496A-8A93-5D42CE352A27}.Debug|x64.Build.0 = Debug|x64
		{B49686EA-06EB-496A-8A93-5D42CE352A27}.Debug|x86.ActiveCfg = Debug|Win32
		{B49686EA-06EB-496A-8A93-5D42CE352A27}.Debug|x86.Build.0 = Debug|Win32
		{B49686EA-06EB-496A-8A93-5D42CE352A27}.Release|x64.ActiveCfg = Release|x64
		{B49686EA-06EB-496A-8A93-5D42CE352A27}.Release|x64.Build.0 = Release|x64
		{B49686EA-06EB-496A-8A93-5D42CE352A27}.Release|x86.ActiveCfg = Release|Win32
		{B49686EA-06EB-496A-8A93-5D42CE352A27}.Release|x86.Build.0 = Release|Win32
		{F14B53FA-A4F6-4810-A968-8B8F924EE50B}.Debug|x64.ActiveCfg = Debug|x64
		{F14B53FA-A4F6-4810-A968-8B8F924EE50B}.Debug|x64.Build.0 = Debug|x64
		{F14B53FA-A4F6-4810-A968-8B8F924EE50B}.Debug|x86.ActiveCfg = Debug|Win32
		{F14B53FA-A4F6-4810-A968-8B8F924EE50B}.Debug|x86.Build.0 = Debug|Win32
		{F14B53FA-A4F6-4810-A968-8B8F924EE50B}.Release|x64.ActiveCfg = Release|x64
		{F14B53FA-A4F6-4810-A968-8B8F924EE50B}.Release|x64.Build.0 = Release|x64
		{F14B53FA-A4F6-4810-A968-8B8F924EE50B}.Release|x86.ActiveCfg = Release|Win32
		{F14B53FA-A4F6-4810-A968-8B8F924EE50B}.Release|x86.Build.0 = Release|Win32
		{5EF815F8-ED84-4589-AD39-CC474E6F5FC1}.Debug|x64.ActiveCfg = Debug|x64
		{5EF815F8-ED84-4589-AD39-CC474E6F5FC1}.Debug|x64.Build.0 = Debug|x64
		{5EF815F8-ED84-4589-AD39-CC474E6F5FC1}.Debug|x86.ActiveCfg = Debug|Win32
		{5EF815F8-ED84-4589-AD39-CC474E6F5FC1}.Debug|x86.Build.0 = Debug|Win32
		{5EF815F8-ED84-4589-AD39-CC474E6F5FC1}.Release|x64.ActiveCfg = Release|x64
		{5EF815F8-ED84-4589-AD39-CC474E6F5FC1}.Release|x64.Build.0 = Release|x64
		{5EF815F8-ED84-4589-AD39-CC474E6F5FC1}.Release|x86.ActiveCfg = Release|Win32
		{5EF815F8-ED84-4589-AD39-CC474E6F5FC1}.Release|x86.Build.0 = Release|Win32
		{86A4CB6E-9B84-4C1E-A9C3-786032EDD8BA}.Debug|x64.ActiveCfg = Debug|x64
		{86A4CB6E-9B84-4C1E-A9C3-786032EDD8BA}.Debug|x64.Build.0 = Debug|x64
		{86A4CB6E-9B84-4C1E-A9C3-786032EDD8BA}.Debug|x86.ActiveCfg = Debug|Win32
		{86A4CB6E-9B84-4C1E-A9C3-786032EDD8BA}.Debug|x86.Build.0 = Debug|Win32
		{86A4CB6E-9B84-4C1E-A9C3-786032EDD8BA}.Release|x64.ActiveCfg = Release|x64
		{86A4CB6E-9B84-4C1E-A9C3-786032EDD8BA}.Release|x64.Build.0 = Release|x64
		{86A4CB6E-9B84-4C1E-A9C3-786032EDD8BA}.Release|x86.ActiveCfg = Release|Win32
		{86A4CB6E-9B84-4C1E-A9C3-786032EDD8BA}.Release|x86.Build.0 = Release|Win32
	EndGlobalSection
	GlobalSection(SolutionProperties) = preSolution
		HideSolutionNode = FALSE
	EndGlobalSection
	GlobalSection(NestedProjects) = preSolution
		{AD39A63F-4114-48F9-8915-2A7033D8B100} = {8CC641B8-2F76-4545-8BB0-A95998C0742C}
		{042BD505-4DCB-4B42-BE20-C5710CCE1328} = {8CC641B8-2F76-4545-8BB0-A95998C0742C}
		{D4FAA52C-C38A-42BB-BAED-592B27CC272D} = {8CC641B8-2F76-4545-8BB0-A95998C0742C}
		{80338B39-82DB-493E-8563-9EAEF3112E61} = {8CC641B8-2F76-4545-8BB0-A95998C0742C}
		{94885614-2D3A-4755-B828-F67EC8FDF43A} = {83810A70-873C-4D3A-A6DB-E5735125397A}
		{CC12D4A8-179F-4346-992C-27C1DF72E76E} = {CBA64016-1806-438C-B0F0-2E65EFD12B5E}
		{C46FB6AC-F1B0-44DD-8097-B37B5B278665} = {CBA64016-1806-438C-B0F0-2E65EFD12B5E}
		{B635E39C-F69F-49E8-8DB1-5D8360C5A8D1} = {CBA64016-1806-438C-B0F0-2E65EFD12B5E}
		{CD934E7D-BFD3-46C6-AE12-09195D4DB35B} = {CBA64016-1806-438C-B0F0-2E65EFD12B5E}
		{335541BC-02DF-450D-9B5E-5AE067D95647} = {CBA64016-1806-438C-B0F0-2E65EFD12B5E}
		{AE7B2EFE-9AAD-424A-9326-C1273F2CFD28} = {8CC641B8-2F76-4545-8BB0-A95998C0742C}
		{0AE00097-7FFA-4F9C-AE2E-52801FC38CF7} = {8CC641B8-2F76-4545-8BB0-A95998C0742C}
		{72F75C6B-F34D-41B7-AD30-9E70C9F68864} = {8CC641B8-2F76-4545-8BB0-A95998C0742C}
		{D2245003-4BDD-4717-8AFD-9E70A0F69CB3} = {8CC641B8-2F76-4545-8BB0-A95998C0742C}
		{1C8F761F-EDFB-497C-9DEE-928E191690A2} = {87039F8E-F06B-45FE-9297-6C0FBDEC57CE}
		{4040120C-F55D-4AD9-854B-028FAF7F2749} = {87039F8E-F06B-45FE-9297-6C0FBDEC57CE}
		{80FFDBFC-2B94-40BE-B0AA-5FB42A44B990} = {4A580F36-0B16-4194-847A-708CACE177D4}
		{B49686EA-06EB-496A-8A93-5D42CE352A27} = {4A580F36-0B16-4194-847A-708CACE177D4}
		{F14B53FA-A4F6-4810-A968-8B8F924EE50B} = {83810A70-873C-4D3A-A6DB-E5735125397A}
		{5EF815F8-ED84-4589-AD39-CC474E6F5FC1} = {83810A70-873C-4D3A-A6DB-E5735125397A}
		{86A4CB6E-9B84-4C1E-A9C3-786032EDD8BA} = {226A4A5D-EFF3-4C03-94D8-A336910C576B}
	EndGlobalSection
	GlobalSection(ExtensibilityGlobals) = postSolution
		SolutionGuid = {07C53C5A-2F20-4723-8761-E1F1E929F21C}
	EndGlobalSection
EndGlobal
